
Microsoft Visual Studio Solution File, Format Version 12.00
# Visual Studio Version 16
VisualStudioVersion = 16.6.30114.105
MinimumVisualStudioVersion = 10.0.40219.1
Project("{FAE04EC0-301F-11D3-BF4B-00C04F79EFBC}") = "Penguin.Email.Local", "Penguin.Email.Local.csproj", "{E62A30CD-09AC-41C6-BB30-A0552005CCC7}"
EndProject
Project("{FAE04EC0-301F-11D3-BF4B-00C04F79EFBC}") = "Penguin.Web.Data.Local", "..\Penguin.Web.Data\Penguin.Web.Data.Local.csproj", "{51C5EB20-5ABD-4408-93B1-0B1F455190AB}"
EndProject
Project("{FAE04EC0-301F-11D3-BF4B-00C04F79EFBC}") = "Penguin.DependencyInjection.Abstractions.Local", "..\Penguin.DependencyInjection.Abstractions\Penguin.DependencyInjection.Abstractions.Local.csproj", "{ECA2F3F2-09A8-4A41-93C3-AD408EE9322F}"
EndProject
Project("{FAE04EC0-301F-11D3-BF4B-00C04F79EFBC}") = "Penguin.Email.Abstractions.Local", "..\Penguin.Email.Abstractions\Penguin.Email.Abstractions.Local.csproj", "{6DA2C1AF-4898-440A-84F2-5C7559DF8ECF}"
EndProject
Project("{FAE04EC0-301F-11D3-BF4B-00C04F79EFBC}") = "Penguin.Files.Abstractions.Local", "..\Penguin.Files.Abstractions\Penguin.Files.Abstractions.Local.csproj", "{8C0A0772-A7CA-48CE-8377-71D7EBDCF7F9}"
EndProject
Project("{FAE04EC0-301F-11D3-BF4B-00C04F79EFBC}") = "Penguin.Configuration.Abstractions.Local", "..\Penguin.Configuration.Abstractions\Penguin.Configuration.Abstractions.Local.csproj", "{3A5EB428-E43C-40AC-964E-3EC60EA9670F}"
EndProject
Project("{FAE04EC0-301F-11D3-BF4B-00C04F79EFBC}") = "Penguin.Extensions.String.Local", "..\Penguin.Extensions.String\Penguin.Extensions.String.Local.csproj", "{D6600D34-C2F8-45F7-A22A-0176FA6924EA}"
EndProject
Global
	GlobalSection(SolutionConfigurationPlatforms) = preSolution
		Debug|Any CPU = Debug|Any CPU
		Debug|x64 = Debug|x64
		Debug|x86 = Debug|x86
		Release|Any CPU = Release|Any CPU
		Release|x64 = Release|x64
		Release|x86 = Release|x86
	EndGlobalSection
	GlobalSection(SolutionProperties) = preSolution
		HideSolutionNode = FALSE
	EndGlobalSection
	GlobalSection(ProjectConfigurationPlatforms) = postSolution
		{E62A30CD-09AC-41C6-BB30-A0552005CCC7}.Debug|Any CPU.ActiveCfg = Debug|Any CPU
		{E62A30CD-09AC-41C6-BB30-A0552005CCC7}.Debug|Any CPU.Build.0 = Debug|Any CPU
		{E62A30CD-09AC-41C6-BB30-A0552005CCC7}.Debug|x64.ActiveCfg = Debug|Any CPU
		{E62A30CD-09AC-41C6-BB30-A0552005CCC7}.Debug|x64.Build.0 = Debug|Any CPU
		{E62A30CD-09AC-41C6-BB30-A0552005CCC7}.Debug|x86.ActiveCfg = Debug|Any CPU
		{E62A30CD-09AC-41C6-BB30-A0552005CCC7}.Debug|x86.Build.0 = Debug|Any CPU
		{E62A30CD-09AC-41C6-BB30-A0552005CCC7}.Release|Any CPU.ActiveCfg = Release|Any CPU
		{E62A30CD-09AC-41C6-BB30-A0552005CCC7}.Release|Any CPU.Build.0 = Release|Any CPU
		{E62A30CD-09AC-41C6-BB30-A0552005CCC7}.Release|x64.ActiveCfg = Release|Any CPU
		{E62A30CD-09AC-41C6-BB30-A0552005CCC7}.Release|x64.Build.0 = Release|Any CPU
		{E62A30CD-09AC-41C6-BB30-A0552005CCC7}.Release|x86.ActiveCfg = Release|Any CPU
		{E62A30CD-09AC-41C6-BB30-A0552005CCC7}.Release|x86.Build.0 = Release|Any CPU
		{51C5EB20-5ABD-4408-93B1-0B1F455190AB}.Debug|Any CPU.ActiveCfg = Debug|Any CPU
		{51C5EB20-5ABD-4408-93B1-0B1F455190AB}.Debug|Any CPU.Build.0 = Debug|Any CPU
		{51C5EB20-5ABD-4408-93B1-0B1F455190AB}.Debug|x64.ActiveCfg = Debug|Any CPU
		{51C5EB20-5ABD-4408-93B1-0B1F455190AB}.Debug|x64.Build.0 = Debug|Any CPU
		{51C5EB20-5ABD-4408-93B1-0B1F455190AB}.Debug|x86.ActiveCfg = Debug|Any CPU
		{51C5EB20-5ABD-4408-93B1-0B1F455190AB}.Debug|x86.Build.0 = Debug|Any CPU
		{51C5EB20-5ABD-4408-93B1-0B1F455190AB}.Release|Any CPU.ActiveCfg = Release|Any CPU
		{51C5EB20-5ABD-4408-93B1-0B1F455190AB}.Release|Any CPU.Build.0 = Release|Any CPU
		{51C5EB20-5ABD-4408-93B1-0B1F455190AB}.Release|x64.ActiveCfg = Release|Any CPU
		{51C5EB20-5ABD-4408-93B1-0B1F455190AB}.Release|x64.Build.0 = Release|Any CPU
		{51C5EB20-5ABD-4408-93B1-0B1F455190AB}.Release|x86.ActiveCfg = Release|Any CPU
		{51C5EB20-5ABD-4408-93B1-0B1F455190AB}.Release|x86.Build.0 = Release|Any CPU
		{ECA2F3F2-09A8-4A41-93C3-AD408EE9322F}.Debug|Any CPU.ActiveCfg = Debug|Any CPU
		{ECA2F3F2-09A8-4A41-93C3-AD408EE9322F}.Debug|Any CPU.Build.0 = Debug|Any CPU
		{ECA2F3F2-09A8-4A41-93C3-AD408EE9322F}.Debug|x64.ActiveCfg = Debug|Any CPU
		{ECA2F3F2-09A8-4A41-93C3-AD408EE9322F}.Debug|x64.Build.0 = Debug|Any CPU
		{ECA2F3F2-09A8-4A41-93C3-AD408EE9322F}.Debug|x86.ActiveCfg = Debug|Any CPU
		{ECA2F3F2-09A8-4A41-93C3-AD408EE9322F}.Debug|x86.Build.0 = Debug|Any CPU
		{ECA2F3F2-09A8-4A41-93C3-AD408EE9322F}.Release|Any CPU.ActiveCfg = Release|Any CPU
		{ECA2F3F2-09A8-4A41-93C3-AD408EE9322F}.Release|Any CPU.Build.0 = Release|Any CPU
		{ECA2F3F2-09A8-4A41-93C3-AD408EE9322F}.Release|x64.ActiveCfg = Release|Any CPU
		{ECA2F3F2-09A8-4A41-93C3-AD408EE9322F}.Release|x64.Build.0 = Release|Any CPU
		{ECA2F3F2-09A8-4A41-93C3-AD408EE9322F}.Release|x86.ActiveCfg = Release|Any CPU
		{ECA2F3F2-09A8-4A41-93C3-AD408EE9322F}.Release|x86.Build.0 = Release|Any CPU
		{6DA2C1AF-4898-440A-84F2-5C7559DF8ECF}.Debug|Any CPU.ActiveCfg = Debug|Any CPU
		{6DA2C1AF-4898-440A-84F2-5C7559DF8ECF}.Debug|Any CPU.Build.0 = Debug|Any CPU
		{6DA2C1AF-4898-440A-84F2-5C7559DF8ECF}.Debug|x64.ActiveCfg = Debug|Any CPU
		{6DA2C1AF-4898-440A-84F2-5C7559DF8ECF}.Debug|x64.Build.0 = Debug|Any CPU
		{6DA2C1AF-4898-440A-84F2-5C7559DF8ECF}.Debug|x86.ActiveCfg = Debug|Any CPU
		{6DA2C1AF-4898-440A-84F2-5C7559DF8ECF}.Debug|x86.Build.0 = Debug|Any CPU
		{6DA2C1AF-4898-440A-84F2-5C7559DF8ECF}.Release|Any CPU.ActiveCfg = Release|Any CPU
		{6DA2C1AF-4898-440A-84F2-5C7559DF8ECF}.Release|Any CPU.Build.0 = Release|Any CPU
		{6DA2C1AF-4898-440A-84F2-5C7559DF8ECF}.Release|x64.ActiveCfg = Release|Any CPU
		{6DA2C1AF-4898-440A-84F2-5C7559DF8ECF}.Release|x64.Build.0 = Release|Any CPU
		{6DA2C1AF-4898-440A-84F2-5C7559DF8ECF}.Release|x86.ActiveCfg = Release|Any CPU
		{6DA2C1AF-4898-440A-84F2-5C7559DF8ECF}.Release|x86.Build.0 = Release|Any CPU
		{8C0A0772-A7CA-48CE-8377-71D7EBDCF7F9}.Debug|Any CPU.ActiveCfg = Debug|Any CPU
		{8C0A0772-A7CA-48CE-8377-71D7EBDCF7F9}.Debug|Any CPU.Build.0 = Debug|Any CPU
		{8C0A0772-A7CA-48CE-8377-71D7EBDCF7F9}.Debug|x64.ActiveCfg = Debug|Any CPU
		{8C0A0772-A7CA-48CE-8377-71D7EBDCF7F9}.Debug|x64.Build.0 = Debug|Any CPU
		{8C0A0772-A7CA-48CE-8377-71D7EBDCF7F9}.Debug|x86.ActiveCfg = Debug|Any CPU
		{8C0A0772-A7CA-48CE-8377-71D7EBDCF7F9}.Debug|x86.Build.0 = Debug|Any CPU
		{8C0A0772-A7CA-48CE-8377-71D7EBDCF7F9}.Release|Any CPU.ActiveCfg = Release|Any CPU
		{8C0A0772-A7CA-48CE-8377-71D7EBDCF7F9}.Release|Any CPU.Build.0 = Release|Any CPU
		{8C0A0772-A7CA-48CE-8377-71D7EBDCF7F9}.Release|x64.ActiveCfg = Release|Any CPU
		{8C0A0772-A7CA-48CE-8377-71D7EBDCF7F9}.Release|x64.Build.0 = Release|Any CPU
		{8C0A0772-A7CA-48CE-8377-71D7EBDCF7F9}.Release|x86.ActiveCfg = Release|Any CPU
		{8C0A0772-A7CA-48CE-8377-71D7EBDCF7F9}.Release|x86.Build.0 = Release|Any CPU
		{3A5EB428-E43C-40AC-964E-3EC60EA9670F}.Debug|Any CPU.ActiveCfg = Debug|Any CPU
		{3A5EB428-E43C-40AC-964E-3EC60EA9670F}.Debug|Any CPU.Build.0 = Debug|Any CPU
		{3A5EB428-E43C-40AC-964E-3EC60EA9670F}.Debug|x64.ActiveCfg = Debug|Any CPU
		{3A5EB428-E43C-40AC-964E-3EC60EA9670F}.Debug|x64.Build.0 = Debug|Any CPU
		{3A5EB428-E43C-40AC-964E-3EC60EA9670F}.Debug|x86.ActiveCfg = Debug|Any CPU
		{3A5EB428-E43C-40AC-964E-3EC60EA9670F}.Debug|x86.Build.0 = Debug|Any CPU
		{3A5EB428-E43C-40AC-964E-3EC60EA9670F}.Release|Any CPU.ActiveCfg = Release|Any CPU
		{3A5EB428-E43C-40AC-964E-3EC60EA9670F}.Release|Any CPU.Build.0 = Release|Any CPU
		{3A5EB428-E43C-40AC-964E-3EC60EA9670F}.Release|x64.ActiveCfg = Release|Any CPU
		{3A5EB428-E43C-40AC-964E-3EC60EA9670F}.Release|x64.Build.0 = Release|Any CPU
		{3A5EB428-E43C-40AC-964E-3EC60EA9670F}.Release|x86.ActiveCfg = Release|Any CPU
		{3A5EB428-E43C-40AC-964E-3EC60EA9670F}.Release|x86.Build.0 = Release|Any CPU
		{D6600D34-C2F8-45F7-A22A-0176FA6924EA}.Debug|Any CPU.ActiveCfg = Debug|Any CPU
		{D6600D34-C2F8-45F7-A22A-0176FA6924EA}.Debug|Any CPU.Build.0 = Debug|Any CPU
		{D6600D34-C2F8-45F7-A22A-0176FA6924EA}.Debug|x64.ActiveCfg = Debug|Any CPU
		{D6600D34-C2F8-45F7-A22A-0176FA6924EA}.Debug|x64.Build.0 = Debug|Any CPU
		{D6600D34-C2F8-45F7-A22A-0176FA6924EA}.Debug|x86.ActiveCfg = Debug|Any CPU
		{D6600D34-C2F8-45F7-A22A-0176FA6924EA}.Debug|x86.Build.0 = Debug|Any CPU
		{D6600D34-C2F8-45F7-A22A-0176FA6924EA}.Release|Any CPU.ActiveCfg = Release|Any CPU
		{D6600D34-C2F8-45F7-A22A-0176FA6924EA}.Release|Any CPU.Build.0 = Release|Any CPU
		{D6600D34-C2F8-45F7-A22A-0176FA6924EA}.Release|x64.ActiveCfg = Release|Any CPU
		{D6600D34-C2F8-45F7-A22A-0176FA6924EA}.Release|x64.Build.0 = Release|Any CPU
		{D6600D34-C2F8-45F7-A22A-0176FA6924EA}.Release|x86.ActiveCfg = Release|Any CPU
		{D6600D34-C2F8-45F7-A22A-0176FA6924EA}.Release|x86.Build.0 = Release|Any CPU
	EndGlobalSection
EndGlobal
